// !$*UTF8*$!
{
	archiveVersion = 1;
	classes = {
	};
	objectVersion = 46;
	objects = {

/* Begin PBXAggregateTarget section */
		"Axiomatic::AxiomaticPackageTests::ProductTarget" /* AxiomaticPackageTests */ = {
			isa = PBXAggregateTarget;
			buildConfigurationList = OBJ_57 /* Build configuration list for PBXAggregateTarget "AxiomaticPackageTests" */;
			buildPhases = (
			);
			dependencies = (
				OBJ_60 /* PBXTargetDependency */,
			);
			name = AxiomaticPackageTests;
			productName = AxiomaticPackageTests;
		};
/* End PBXAggregateTarget section */

/* Begin PBXBuildFile section */
		OBJ_41 /* Clause.swift in Sources */ = {isa = PBXBuildFile; fileRef = OBJ_9 /* Clause.swift */; };
		OBJ_42 /* Functor.swift in Sources */ = {isa = PBXBuildFile; fileRef = OBJ_10 /* Functor.swift */; };
		OBJ_43 /* System.swift in Sources */ = {isa = PBXBuildFile; fileRef = OBJ_11 /* System.swift */; };
		OBJ_44 /* Term.swift in Sources */ = {isa = PBXBuildFile; fileRef = OBJ_12 /* Term.swift */; };
		OBJ_45 /* Utility.swift in Sources */ = {isa = PBXBuildFile; fileRef = OBJ_13 /* Utility.swift */; };
		OBJ_47 /* Gluey.framework in Frameworks */ = {isa = PBXBuildFile; fileRef = "Gluey::Gluey::Product" /* Gluey.framework */; };
		OBJ_55 /* Package.swift in Sources */ = {isa = PBXBuildFile; fileRef = OBJ_6 /* Package.swift */; };
		OBJ_66 /* ClauseTests.swift in Sources */ = {isa = PBXBuildFile; fileRef = OBJ_16 /* ClauseTests.swift */; };
		OBJ_67 /* PredicateTests.swift in Sources */ = {isa = PBXBuildFile; fileRef = OBJ_17 /* PredicateTests.swift */; };
		OBJ_68 /* SystemTests.swift in Sources */ = {isa = PBXBuildFile; fileRef = OBJ_18 /* SystemTests.swift */; };
		OBJ_70 /* Axiomatic.framework in Frameworks */ = {isa = PBXBuildFile; fileRef = "Axiomatic::Axiomatic::Product" /* Axiomatic.framework */; };
		OBJ_71 /* Gluey.framework in Frameworks */ = {isa = PBXBuildFile; fileRef = "Gluey::Gluey::Product" /* Gluey.framework */; };
		OBJ_78 /* Binding.swift in Sources */ = {isa = PBXBuildFile; fileRef = OBJ_22 /* Binding.swift */; };
		OBJ_79 /* ContextCopyable.swift in Sources */ = {isa = PBXBuildFile; fileRef = OBJ_23 /* ContextCopyable.swift */; };
		OBJ_80 /* DriedGlue.swift in Sources */ = {isa = PBXBuildFile; fileRef = OBJ_24 /* DriedGlue.swift */; };
		OBJ_81 /* Glue.swift in Sources */ = {isa = PBXBuildFile; fileRef = OBJ_25 /* Glue.swift */; };
		OBJ_82 /* Unifiable.swift in Sources */ = {isa = PBXBuildFile; fileRef = OBJ_26 /* Unifiable.swift */; };
		OBJ_83 /* UnifiableType.swift in Sources */ = {isa = PBXBuildFile; fileRef = OBJ_27 /* UnifiableType.swift */; };
		OBJ_84 /* UnificationError.swift in Sources */ = {isa = PBXBuildFile; fileRef = OBJ_28 /* UnificationError.swift */; };
		OBJ_91 /* Package.swift in Sources */ = {isa = PBXBuildFile; fileRef = OBJ_29 /* Package.swift */; };
/* End PBXBuildFile section */

/* Begin PBXContainerItemProxy section */
		D179E3BB226E592B008C0523 /* PBXContainerItemProxy */ = {
			isa = PBXContainerItemProxy;
			containerPortal = OBJ_1 /* Project object */;
			proxyType = 1;
			remoteGlobalIDString = "Gluey::Gluey";
			remoteInfo = Gluey;
		};
		D179E3BC226E592B008C0523 /* PBXContainerItemProxy */ = {
			isa = PBXContainerItemProxy;
			containerPortal = OBJ_1 /* Project object */;
			proxyType = 1;
			remoteGlobalIDString = "Axiomatic::Axiomatic";
			remoteInfo = Axiomatic;
		};
		D179E3BD226E592B008C0523 /* PBXContainerItemProxy */ = {
			isa = PBXContainerItemProxy;
			containerPortal = OBJ_1 /* Project object */;
			proxyType = 1;
			remoteGlobalIDString = "Gluey::Gluey";
			remoteInfo = Gluey;
		};
/* End PBXContainerItemProxy section */

/* Begin PBXFileReference section */
		"Axiomatic::Axiomatic::Product" /* Axiomatic.framework */ = {isa = PBXFileReference; explicitFileType = wrapper.framework; path = Axiomatic.framework; sourceTree = BUILT_PRODUCTS_DIR; };
		"Axiomatic::AxiomaticTests::Product" /* AxiomaticTests.xctest */ = {isa = PBXFileReference; lastKnownFileType = file; path = AxiomaticTests.xctest; sourceTree = BUILT_PRODUCTS_DIR; };
		"Gluey::Gluey::Product" /* Gluey.framework */ = {isa = PBXFileReference; lastKnownFileType = wrapper.framework; path = Gluey.framework; sourceTree = BUILT_PRODUCTS_DIR; };
		OBJ_10 /* Functor.swift */ = {isa = PBXFileReference; lastKnownFileType = sourcecode.swift; path = Functor.swift; sourceTree = "<group>"; };
		OBJ_11 /* System.swift */ = {isa = PBXFileReference; lastKnownFileType = sourcecode.swift; path = System.swift; sourceTree = "<group>"; };
		OBJ_12 /* Term.swift */ = {isa = PBXFileReference; lastKnownFileType = sourcecode.swift; path = Term.swift; sourceTree = "<group>"; };
		OBJ_13 /* Utility.swift */ = {isa = PBXFileReference; lastKnownFileType = sourcecode.swift; path = Utility.swift; sourceTree = "<group>"; };
		OBJ_16 /* ClauseTests.swift */ = {isa = PBXFileReference; lastKnownFileType = sourcecode.swift; path = ClauseTests.swift; sourceTree = "<group>"; };
		OBJ_17 /* PredicateTests.swift */ = {isa = PBXFileReference; lastKnownFileType = sourcecode.swift; path = PredicateTests.swift; sourceTree = "<group>"; };
		OBJ_18 /* SystemTests.swift */ = {isa = PBXFileReference; lastKnownFileType = sourcecode.swift; path = SystemTests.swift; sourceTree = "<group>"; };
		OBJ_22 /* Binding.swift */ = {isa = PBXFileReference; lastKnownFileType = sourcecode.swift; path = Binding.swift; sourceTree = "<group>"; };
		OBJ_23 /* ContextCopyable.swift */ = {isa = PBXFileReference; lastKnownFileType = sourcecode.swift; path = ContextCopyable.swift; sourceTree = "<group>"; };
		OBJ_24 /* DriedGlue.swift */ = {isa = PBXFileReference; lastKnownFileType = sourcecode.swift; path = DriedGlue.swift; sourceTree = "<group>"; };
		OBJ_25 /* Glue.swift */ = {isa = PBXFileReference; lastKnownFileType = sourcecode.swift; path = Glue.swift; sourceTree = "<group>"; };
		OBJ_26 /* Unifiable.swift */ = {isa = PBXFileReference; lastKnownFileType = sourcecode.swift; path = Unifiable.swift; sourceTree = "<group>"; };
		OBJ_27 /* UnifiableType.swift */ = {isa = PBXFileReference; lastKnownFileType = sourcecode.swift; path = UnifiableType.swift; sourceTree = "<group>"; };
		OBJ_28 /* UnificationError.swift */ = {isa = PBXFileReference; lastKnownFileType = sourcecode.swift; path = UnificationError.swift; sourceTree = "<group>"; };
		OBJ_29 /* Package.swift */ = {isa = PBXFileReference; explicitFileType = sourcecode.swift; name = Package.swift; path = /Users/maxd/Documents/Axiomatic/.build/checkouts/Gluey/Package.swift; sourceTree = "<group>"; };
		OBJ_34 /* LICENSE */ = {isa = PBXFileReference; lastKnownFileType = text; path = LICENSE; sourceTree = "<group>"; };
		OBJ_35 /* README.md */ = {isa = PBXFileReference; lastKnownFileType = net.daringfireball.markdown; path = README.md; sourceTree = "<group>"; };
		OBJ_6 /* Package.swift */ = {isa = PBXFileReference; explicitFileType = sourcecode.swift; path = Package.swift; sourceTree = "<group>"; };
		OBJ_9 /* Clause.swift */ = {isa = PBXFileReference; lastKnownFileType = sourcecode.swift; path = Clause.swift; sourceTree = "<group>"; };
/* End PBXFileReference section */

/* Begin PBXFrameworksBuildPhase section */
		OBJ_46 /* Frameworks */ = {
			isa = PBXFrameworksBuildPhase;
			buildActionMask = 0;
			files = (
				OBJ_47 /* Gluey.framework in Frameworks */,
			);
			runOnlyForDeploymentPostprocessing = 0;
		};
		OBJ_69 /* Frameworks */ = {
			isa = PBXFrameworksBuildPhase;
			buildActionMask = 0;
			files = (
				OBJ_70 /* Axiomatic.framework in Frameworks */,
				OBJ_71 /* Gluey.framework in Frameworks */,
			);
			runOnlyForDeploymentPostprocessing = 0;
		};
		OBJ_85 /* Frameworks */ = {
			isa = PBXFrameworksBuildPhase;
			buildActionMask = 0;
			files = (
			);
			runOnlyForDeploymentPostprocessing = 0;
		};
/* End PBXFrameworksBuildPhase section */

/* Begin PBXGroup section */
		OBJ_14 /* Tests */ = {
			isa = PBXGroup;
			children = (
				OBJ_15 /* AxiomaticTests */,
			);
			name = Tests;
			sourceTree = SOURCE_ROOT;
		};
		OBJ_15 /* AxiomaticTests */ = {
			isa = PBXGroup;
			children = (
				OBJ_16 /* ClauseTests.swift */,
				OBJ_17 /* PredicateTests.swift */,
				OBJ_18 /* SystemTests.swift */,
			);
			name = AxiomaticTests;
			path = Tests/AxiomaticTests;
			sourceTree = SOURCE_ROOT;
		};
		OBJ_19 /* Dependencies */ = {
			isa = PBXGroup;
			children = (
				OBJ_20 /* Gluey */,
			);
			name = Dependencies;
			sourceTree = "<group>";
		};
		OBJ_20 /* Gluey */ = {
			isa = PBXGroup;
			children = (
				OBJ_21 /* Gluey */,
				OBJ_29 /* Package.swift */,
			);
			name = Gluey;
			sourceTree = SOURCE_ROOT;
		};
		OBJ_21 /* Gluey */ = {
			isa = PBXGroup;
			children = (
				OBJ_22 /* Binding.swift */,
				OBJ_23 /* ContextCopyable.swift */,
				OBJ_24 /* DriedGlue.swift */,
				OBJ_25 /* Glue.swift */,
				OBJ_26 /* Unifiable.swift */,
				OBJ_27 /* UnifiableType.swift */,
				OBJ_28 /* UnificationError.swift */,
			);
			name = Gluey;
			path = .build/checkouts/Gluey/Sources/Gluey;
			sourceTree = SOURCE_ROOT;
		};
		OBJ_30 /* Products */ = {
			isa = PBXGroup;
			children = (
				"Axiomatic::AxiomaticTests::Product" /* AxiomaticTests.xctest */,
				"Axiomatic::Axiomatic::Product" /* Axiomatic.framework */,
				"Gluey::Gluey::Product" /* Gluey.framework */,
			);
			name = Products;
			sourceTree = BUILT_PRODUCTS_DIR;
		};
		OBJ_5 /*  */ = {
			isa = PBXGroup;
			children = (
				OBJ_6 /* Package.swift */,
				OBJ_7 /* Sources */,
				OBJ_14 /* Tests */,
				OBJ_19 /* Dependencies */,
				OBJ_30 /* Products */,
				OBJ_34 /* LICENSE */,
				OBJ_35 /* README.md */,
			);
			name = "";
			sourceTree = "<group>";
		};
		OBJ_7 /* Sources */ = {
			isa = PBXGroup;
			children = (
				OBJ_8 /* Axiomatic */,
			);
			name = Sources;
			sourceTree = SOURCE_ROOT;
		};
		OBJ_8 /* Axiomatic */ = {
			isa = PBXGroup;
			children = (
				OBJ_9 /* Clause.swift */,
				OBJ_10 /* Functor.swift */,
				OBJ_11 /* System.swift */,
				OBJ_12 /* Term.swift */,
				OBJ_13 /* Utility.swift */,
			);
			name = Axiomatic;
			path = Sources/Axiomatic;
			sourceTree = SOURCE_ROOT;
		};
/* End PBXGroup section */

/* Begin PBXNativeTarget section */
		"Axiomatic::Axiomatic" /* Axiomatic */ = {
			isa = PBXNativeTarget;
			buildConfigurationList = OBJ_37 /* Build configuration list for PBXNativeTarget "Axiomatic" */;
			buildPhases = (
				OBJ_40 /* Sources */,
				OBJ_46 /* Frameworks */,
			);
			buildRules = (
			);
			dependencies = (
				OBJ_48 /* PBXTargetDependency */,
			);
			name = Axiomatic;
			productName = Axiomatic;
			productReference = "Axiomatic::Axiomatic::Product" /* Axiomatic.framework */;
			productType = "com.apple.product-type.framework";
		};
		"Axiomatic::AxiomaticTests" /* AxiomaticTests */ = {
			isa = PBXNativeTarget;
			buildConfigurationList = OBJ_62 /* Build configuration list for PBXNativeTarget "AxiomaticTests" */;
			buildPhases = (
				OBJ_65 /* Sources */,
				OBJ_69 /* Frameworks */,
			);
			buildRules = (
			);
			dependencies = (
				OBJ_72 /* PBXTargetDependency */,
				OBJ_73 /* PBXTargetDependency */,
			);
			name = AxiomaticTests;
			productName = AxiomaticTests;
			productReference = "Axiomatic::AxiomaticTests::Product" /* AxiomaticTests.xctest */;
			productType = "com.apple.product-type.bundle.unit-test";
		};
		"Axiomatic::SwiftPMPackageDescription" /* AxiomaticPackageDescription */ = {
			isa = PBXNativeTarget;
			buildConfigurationList = OBJ_51 /* Build configuration list for PBXNativeTarget "AxiomaticPackageDescription" */;
			buildPhases = (
				OBJ_54 /* Sources */,
			);
			buildRules = (
			);
			dependencies = (
			);
			name = AxiomaticPackageDescription;
			productName = AxiomaticPackageDescription;
			productType = "com.apple.product-type.framework";
		};
		"Gluey::Gluey" /* Gluey */ = {
			isa = PBXNativeTarget;
			buildConfigurationList = OBJ_74 /* Build configuration list for PBXNativeTarget "Gluey" */;
			buildPhases = (
				OBJ_77 /* Sources */,
				OBJ_85 /* Frameworks */,
			);
			buildRules = (
			);
			dependencies = (
			);
			name = Gluey;
			productName = Gluey;
			productReference = "Gluey::Gluey::Product" /* Gluey.framework */;
			productType = "com.apple.product-type.framework";
		};
		"Gluey::SwiftPMPackageDescription" /* GlueyPackageDescription */ = {
			isa = PBXNativeTarget;
			buildConfigurationList = OBJ_87 /* Build configuration list for PBXNativeTarget "GlueyPackageDescription" */;
			buildPhases = (
				OBJ_90 /* Sources */,
			);
			buildRules = (
			);
			dependencies = (
			);
			name = GlueyPackageDescription;
			productName = GlueyPackageDescription;
			productType = "com.apple.product-type.framework";
		};
/* End PBXNativeTarget section */

/* Begin PBXProject section */
		OBJ_1 /* Project object */ = {
			isa = PBXProject;
			attributes = {
				LastSwiftMigration = 9999;
				LastUpgradeCheck = 9999;
			};
			buildConfigurationList = OBJ_2 /* Build configuration list for PBXProject "Axiomatic" */;
			compatibilityVersion = "Xcode 3.2";
			developmentRegion = English;
			hasScannedForEncodings = 0;
			knownRegions = (
				English,
				en,
			);
			mainGroup = OBJ_5 /*  */;
			productRefGroup = OBJ_30 /* Products */;
			projectDirPath = "";
			projectRoot = "";
			targets = (
				"Axiomatic::Axiomatic" /* Axiomatic */,
				"Axiomatic::SwiftPMPackageDescription" /* AxiomaticPackageDescription */,
				"Axiomatic::AxiomaticPackageTests::ProductTarget" /* AxiomaticPackageTests */,
				"Axiomatic::AxiomaticTests" /* AxiomaticTests */,
				"Gluey::Gluey" /* Gluey */,
				"Gluey::SwiftPMPackageDescription" /* GlueyPackageDescription */,
			);
		};
/* End PBXProject section */

/* Begin PBXSourcesBuildPhase section */
		OBJ_40 /* Sources */ = {
			isa = PBXSourcesBuildPhase;
			buildActionMask = 0;
			files = (
				OBJ_41 /* Clause.swift in Sources */,
				OBJ_42 /* Functor.swift in Sources */,
				OBJ_43 /* System.swift in Sources */,
				OBJ_44 /* Term.swift in Sources */,
				OBJ_45 /* Utility.swift in Sources */,
			);
			runOnlyForDeploymentPostprocessing = 0;
		};
		OBJ_54 /* Sources */ = {
			isa = PBXSourcesBuildPhase;
			buildActionMask = 0;
			files = (
				OBJ_55 /* Package.swift in Sources */,
			);
			runOnlyForDeploymentPostprocessing = 0;
		};
		OBJ_65 /* Sources */ = {
			isa = PBXSourcesBuildPhase;
			buildActionMask = 0;
			files = (
				OBJ_66 /* ClauseTests.swift in Sources */,
				OBJ_67 /* PredicateTests.swift in Sources */,
				OBJ_68 /* SystemTests.swift in Sources */,
			);
			runOnlyForDeploymentPostprocessing = 0;
		};
		OBJ_77 /* Sources */ = {
			isa = PBXSourcesBuildPhase;
			buildActionMask = 0;
			files = (
				OBJ_78 /* Binding.swift in Sources */,
				OBJ_79 /* ContextCopyable.swift in Sources */,
				OBJ_80 /* DriedGlue.swift in Sources */,
				OBJ_81 /* Glue.swift in Sources */,
				OBJ_82 /* Unifiable.swift in Sources */,
				OBJ_83 /* UnifiableType.swift in Sources */,
				OBJ_84 /* UnificationError.swift in Sources */,
			);
			runOnlyForDeploymentPostprocessing = 0;
		};
		OBJ_90 /* Sources */ = {
			isa = PBXSourcesBuildPhase;
			buildActionMask = 0;
			files = (
				OBJ_91 /* Package.swift in Sources */,
			);
			runOnlyForDeploymentPostprocessing = 0;
		};
/* End PBXSourcesBuildPhase section */

/* Begin PBXTargetDependency section */
		OBJ_48 /* PBXTargetDependency */ = {
			isa = PBXTargetDependency;
			target = "Gluey::Gluey" /* Gluey */;
			targetProxy = D179E3BB226E592B008C0523 /* PBXContainerItemProxy */;
		};
		OBJ_60 /* PBXTargetDependency */ = {
			isa = PBXTargetDependency;
			target = "Axiomatic::AxiomaticTests" /* AxiomaticTests */;
			targetProxy = "Axiomatic::AxiomaticTests" /* AxiomaticTests */;
		};
		OBJ_72 /* PBXTargetDependency */ = {
			isa = PBXTargetDependency;
			target = "Axiomatic::Axiomatic" /* Axiomatic */;
			targetProxy = D179E3BC226E592B008C0523 /* PBXContainerItemProxy */;
		};
		OBJ_73 /* PBXTargetDependency */ = {
			isa = PBXTargetDependency;
			target = "Gluey::Gluey" /* Gluey */;
			targetProxy = D179E3BD226E592B008C0523 /* PBXContainerItemProxy */;
		};
/* End PBXTargetDependency section */

/* Begin XCBuildConfiguration section */
		OBJ_3 /* Debug */ = {
			isa = XCBuildConfiguration;
			buildSettings = {
				CLANG_ENABLE_OBJC_ARC = YES;
				COMBINE_HIDPI_IMAGES = YES;
				COPY_PHASE_STRIP = NO;
				DEBUG_INFORMATION_FORMAT = dwarf;
				DYLIB_INSTALL_NAME_BASE = "@rpath";
				ENABLE_NS_ASSERTIONS = YES;
				GCC_OPTIMIZATION_LEVEL = 0;
				GCC_PREPROCESSOR_DEFINITIONS = (
					"$(inherited)",
					"SWIFT_PACKAGE=1",
					"DEBUG=1",
				);
				MACOSX_DEPLOYMENT_TARGET = 10.10;
				ONLY_ACTIVE_ARCH = YES;
				OTHER_SWIFT_FLAGS = "-DXcode";
				PRODUCT_NAME = "$(TARGET_NAME)";
				SDKROOT = macosx;
				SUPPORTED_PLATFORMS = "macosx iphoneos iphonesimulator appletvos appletvsimulator watchos watchsimulator";
				SWIFT_ACTIVE_COMPILATION_CONDITIONS = "$(inherited) SWIFT_PACKAGE DEBUG";
				SWIFT_OPTIMIZATION_LEVEL = "-Onone";
				USE_HEADERMAP = NO;
			};
			name = Debug;
		};
		OBJ_38 /* Debug */ = {
			isa = XCBuildConfiguration;
			buildSettings = {
				ENABLE_TESTABILITY = YES;
				FRAMEWORK_SEARCH_PATHS = (
					"$(inherited)",
					"$(PLATFORM_DIR)/Developer/Library/Frameworks",
				);
				HEADER_SEARCH_PATHS = "$(inherited)";
				INFOPLIST_FILE = Axiomatic.xcodeproj/Axiomatic_Info.plist;
				IPHONEOS_DEPLOYMENT_TARGET = 8.0;
				LD_RUNPATH_SEARCH_PATHS = "$(inherited) $(TOOLCHAIN_DIR)/usr/lib/swift/macosx";
				MACOSX_DEPLOYMENT_TARGET = 10.10;
				OTHER_CFLAGS = "$(inherited)";
				OTHER_LDFLAGS = "$(inherited)";
				OTHER_SWIFT_FLAGS = "$(inherited) -DTRACE";
				PRODUCT_BUNDLE_IDENTIFIER = Axiomatic;
				PRODUCT_MODULE_NAME = "$(TARGET_NAME:c99extidentifier)";
				PRODUCT_NAME = "$(TARGET_NAME:c99extidentifier)";
				SKIP_INSTALL = YES;
				SWIFT_ACTIVE_COMPILATION_CONDITIONS = "$(inherited)";
				SWIFT_VERSION = 5.0;
				TARGET_NAME = Axiomatic;
				TVOS_DEPLOYMENT_TARGET = 9.0;
				WATCHOS_DEPLOYMENT_TARGET = 2.0;
			};
			name = Debug;
		};
		OBJ_39 /* Release */ = {
			isa = XCBuildConfiguration;
			buildSettings = {
				ENABLE_TESTABILITY = YES;
				FRAMEWORK_SEARCH_PATHS = (
					"$(inherited)",
					"$(PLATFORM_DIR)/Developer/Library/Frameworks",
				);
				HEADER_SEARCH_PATHS = "$(inherited)";
				INFOPLIST_FILE = Axiomatic.xcodeproj/Axiomatic_Info.plist;
				IPHONEOS_DEPLOYMENT_TARGET = 8.0;
				LD_RUNPATH_SEARCH_PATHS = "$(inherited) $(TOOLCHAIN_DIR)/usr/lib/swift/macosx";
				MACOSX_DEPLOYMENT_TARGET = 10.10;
				OTHER_CFLAGS = "$(inherited)";
				OTHER_LDFLAGS = "$(inherited)";
				OTHER_SWIFT_FLAGS = "$(inherited) -DTRACE";
				PRODUCT_BUNDLE_IDENTIFIER = Axiomatic;
				PRODUCT_MODULE_NAME = "$(TARGET_NAME:c99extidentifier)";
				PRODUCT_NAME = "$(TARGET_NAME:c99extidentifier)";
				SKIP_INSTALL = YES;
				SWIFT_ACTIVE_COMPILATION_CONDITIONS = "$(inherited)";
				SWIFT_VERSION = 5.0;
				TARGET_NAME = Axiomatic;
				TVOS_DEPLOYMENT_TARGET = 9.0;
				WATCHOS_DEPLOYMENT_TARGET = 2.0;
			};
			name = Release;
		};
		OBJ_4 /* Release */ = {
			isa = XCBuildConfiguration;
			buildSettings = {
				CLANG_ENABLE_OBJC_ARC = YES;
				COMBINE_HIDPI_IMAGES = YES;
				COPY_PHASE_STRIP = YES;
				DEBUG_INFORMATION_FORMAT = "dwarf-with-dsym";
				DYLIB_INSTALL_NAME_BASE = "@rpath";
				GCC_OPTIMIZATION_LEVEL = s;
				GCC_PREPROCESSOR_DEFINITIONS = (
					"$(inherited)",
					"SWIFT_PACKAGE=1",
				);
				MACOSX_DEPLOYMENT_TARGET = 10.10;
				OTHER_SWIFT_FLAGS = "-DXcode";
				PRODUCT_NAME = "$(TARGET_NAME)";
				SDKROOT = macosx;
				SUPPORTED_PLATFORMS = "macosx iphoneos iphonesimulator appletvos appletvsimulator watchos watchsimulator";
				SWIFT_ACTIVE_COMPILATION_CONDITIONS = "$(inherited) SWIFT_PACKAGE";
				SWIFT_OPTIMIZATION_LEVEL = "-Owholemodule";
				USE_HEADERMAP = NO;
			};
			name = Release;
		};
		OBJ_52 /* Debug */ = {
			isa = XCBuildConfiguration;
			buildSettings = {
				LD = /usr/bin/true;
				OTHER_SWIFT_FLAGS = "-swift-version 5 -I $(TOOLCHAIN_DIR)/usr/lib/swift/pm/4_2 -target x86_64-apple-macosx10.10 -sdk /Applications/Xcode.app/Contents/Developer/Platforms/MacOSX.platform/Developer/SDKs/MacOSX10.14.sdk";
				SWIFT_VERSION = 5.0;
			};
			name = Debug;
		};
		OBJ_53 /* Release */ = {
			isa = XCBuildConfiguration;
			buildSettings = {
				LD = /usr/bin/true;
				OTHER_SWIFT_FLAGS = "-swift-version 5 -I $(TOOLCHAIN_DIR)/usr/lib/swift/pm/4_2 -target x86_64-apple-macosx10.10 -sdk /Applications/Xcode.app/Contents/Developer/Platforms/MacOSX.platform/Developer/SDKs/MacOSX10.14.sdk";
				SWIFT_VERSION = 5.0;
			};
			name = Release;
		};
		OBJ_58 /* Debug */ = {
			isa = XCBuildConfiguration;
			buildSettings = {
			};
			name = Debug;
		};
		OBJ_59 /* Release */ = {
			isa = XCBuildConfiguration;
			buildSettings = {
			};
			name = Release;
		};
		OBJ_63 /* Debug */ = {
			isa = XCBuildConfiguration;
			buildSettings = {
				CLANG_ENABLE_MODULES = YES;
				EMBEDDED_CONTENT_CONTAINS_SWIFT = YES;
				FRAMEWORK_SEARCH_PATHS = (
					"$(inherited)",
					"$(PLATFORM_DIR)/Developer/Library/Frameworks",
				);
				HEADER_SEARCH_PATHS = "$(inherited)";
				INFOPLIST_FILE = Axiomatic.xcodeproj/AxiomaticTests_Info.plist;
				IPHONEOS_DEPLOYMENT_TARGET = 8.0;
				LD_RUNPATH_SEARCH_PATHS = "$(inherited) @loader_path/../Frameworks @loader_path/Frameworks";
				MACOSX_DEPLOYMENT_TARGET = 10.10;
				OTHER_CFLAGS = "$(inherited)";
				OTHER_LDFLAGS = "$(inherited)";
				OTHER_SWIFT_FLAGS = "$(inherited)";
				SWIFT_ACTIVE_COMPILATION_CONDITIONS = "$(inherited)";
				SWIFT_VERSION = 5.0;
				TARGET_NAME = AxiomaticTests;
				TVOS_DEPLOYMENT_TARGET = 9.0;
				WATCHOS_DEPLOYMENT_TARGET = 2.0;
			};
			name = Debug;
		};
		OBJ_64 /* Release */ = {
			isa = XCBuildConfiguration;
			buildSettings = {
				CLANG_ENABLE_MODULES = YES;
				EMBEDDED_CONTENT_CONTAINS_SWIFT = YES;
				FRAMEWORK_SEARCH_PATHS = (
					"$(inherited)",
					"$(PLATFORM_DIR)/Developer/Library/Frameworks",
				);
				HEADER_SEARCH_PATHS = "$(inherited)";
				INFOPLIST_FILE = Axiomatic.xcodeproj/AxiomaticTests_Info.plist;
				IPHONEOS_DEPLOYMENT_TARGET = 8.0;
				LD_RUNPATH_SEARCH_PATHS = "$(inherited) @loader_path/../Frameworks @loader_path/Frameworks";
				MACOSX_DEPLOYMENT_TARGET = 10.10;
				OTHER_CFLAGS = "$(inherited)";
				OTHER_LDFLAGS = "$(inherited)";
				OTHER_SWIFT_FLAGS = "$(inherited)";
				SWIFT_ACTIVE_COMPILATION_CONDITIONS = "$(inherited)";
				SWIFT_VERSION = 5.0;
				TARGET_NAME = AxiomaticTests;
				TVOS_DEPLOYMENT_TARGET = 9.0;
				WATCHOS_DEPLOYMENT_TARGET = 2.0;
			};
			name = Release;
		};
		OBJ_75 /* Debug */ = {
			isa = XCBuildConfiguration;
			buildSettings = {
				ENABLE_TESTABILITY = YES;
				FRAMEWORK_SEARCH_PATHS = (
					"$(inherited)",
					"$(PLATFORM_DIR)/Developer/Library/Frameworks",
				);
				HEADER_SEARCH_PATHS = "$(inherited)";
				INFOPLIST_FILE = Axiomatic.xcodeproj/Gluey_Info.plist;
				LD_RUNPATH_SEARCH_PATHS = "$(inherited) $(TOOLCHAIN_DIR)/usr/lib/swift/macosx";
				OTHER_CFLAGS = "$(inherited)";
				OTHER_LDFLAGS = "$(inherited)";
				OTHER_SWIFT_FLAGS = "$(inherited)";
				PRODUCT_BUNDLE_IDENTIFIER = Gluey;
				PRODUCT_MODULE_NAME = "$(TARGET_NAME:c99extidentifier)";
				PRODUCT_NAME = "$(TARGET_NAME:c99extidentifier)";
				SKIP_INSTALL = YES;
				SWIFT_ACTIVE_COMPILATION_CONDITIONS = "$(inherited)";
				SWIFT_VERSION = 4.2;
				TARGET_NAME = Gluey;
			};
			name = Debug;
		};
		OBJ_76 /* Release */ = {
			isa = XCBuildConfiguration;
			buildSettings = {
				ENABLE_TESTABILITY = YES;
				FRAMEWORK_SEARCH_PATHS = (
					"$(inherited)",
					"$(PLATFORM_DIR)/Developer/Library/Frameworks",
				);
				HEADER_SEARCH_PATHS = "$(inherited)";
				INFOPLIST_FILE = Axiomatic.xcodeproj/Gluey_Info.plist;
				LD_RUNPATH_SEARCH_PATHS = "$(inherited) $(TOOLCHAIN_DIR)/usr/lib/swift/macosx";
				OTHER_CFLAGS = "$(inherited)";
				OTHER_LDFLAGS = "$(inherited)";
				OTHER_SWIFT_FLAGS = "$(inherited)";
				PRODUCT_BUNDLE_IDENTIFIER = Gluey;
				PRODUCT_MODULE_NAME = "$(TARGET_NAME:c99extidentifier)";
				PRODUCT_NAME = "$(TARGET_NAME:c99extidentifier)";
				SKIP_INSTALL = YES;
				SWIFT_ACTIVE_COMPILATION_CONDITIONS = "$(inherited)";
				SWIFT_VERSION = 4.2;
				TARGET_NAME = Gluey;
			};
			name = Release;
		};
		OBJ_88 /* Debug */ = {
			isa = XCBuildConfiguration;
			buildSettings = {
				LD = /usr/bin/true;
				OTHER_SWIFT_FLAGS = "-swift-version 4.2 -I $(TOOLCHAIN_DIR)/usr/lib/swift/pm/4_2 -target x86_64-apple-macosx10.10 -sdk /Applications/Xcode.app/Contents/Developer/Platforms/MacOSX.platform/Developer/SDKs/MacOSX10.14.sdk";
				SWIFT_VERSION = 4.2;
			};
			name = Debug;
		};
		OBJ_89 /* Release */ = {
			isa = XCBuildConfiguration;
			buildSettings = {
				LD = /usr/bin/true;
				OTHER_SWIFT_FLAGS = "-swift-version 4.2 -I $(TOOLCHAIN_DIR)/usr/lib/swift/pm/4_2 -target x86_64-apple-macosx10.10 -sdk /Applications/Xcode.app/Contents/Developer/Platforms/MacOSX.platform/Developer/SDKs/MacOSX10.14.sdk";
				SWIFT_VERSION = 4.2;
			};
			name = Release;
		};
/* End XCBuildConfiguration section */

/* Begin XCConfigurationList section */
		OBJ_2 /* Build configuration list for PBXProject "Axiomatic" */ = {
			isa = XCConfigurationList;
			buildConfigurations = (
				OBJ_3 /* Debug */,
				OBJ_4 /* Release */,
			);
			defaultConfigurationIsVisible = 0;
			defaultConfigurationName = Release;
		};
		OBJ_37 /* Build configuration list for PBXNativeTarget "Axiomatic" */ = {
			isa = XCConfigurationList;
			buildConfigurations = (
				OBJ_38 /* Debug */,
				OBJ_39 /* Release */,
			);
			defaultConfigurationIsVisible = 0;
			defaultConfigurationName = Release;
		};
		OBJ_51 /* Build configuration list for PBXNativeTarget "AxiomaticPackageDescription" */ = {
			isa = XCConfigurationList;
			buildConfigurations = (
				OBJ_52 /* Debug */,
				OBJ_53 /* Release */,
			);
			defaultConfigurationIsVisible = 0;
			defaultConfigurationName = Release;
		};
		OBJ_57 /* Build configuration list for PBXAggregateTarget "AxiomaticPackageTests" */ = {
			isa = XCConfigurationList;
			buildConfigurations = (
				OBJ_58 /* Debug */,
				OBJ_59 /* Release */,
			);
			defaultConfigurationIsVisible = 0;
			defaultConfigurationName = Release;
		};
		OBJ_62 /* Build configuration list for PBXNativeTarget "AxiomaticTests" */ = {
			isa = XCConfigurationList;
			buildConfigurations = (
				OBJ_63 /* Debug */,
				OBJ_64 /* Release */,
			);
			defaultConfigurationIsVisible = 0;
			defaultConfigurationName = Release;
		};
		OBJ_74 /* Build configuration list for PBXNativeTarget "Gluey" */ = {
			isa = XCConfigurationList;
			buildConfigurations = (
				OBJ_75 /* Debug */,
				OBJ_76 /* Release */,
			);
			defaultConfigurationIsVisible = 0;
			defaultConfigurationName = Release;
		};
		OBJ_87 /* Build configuration list for PBXNativeTarget "GlueyPackageDescription" */ = {
			isa = XCConfigurationList;
			buildConfigurations = (
				OBJ_88 /* Debug */,
				OBJ_89 /* Release */,
			);
			defaultConfigurationIsVisible = 0;
			defaultConfigurationName = Release;
		};
/* End XCConfigurationList section */
	};
	rootObject = OBJ_1 /* Project object */;
}
