// !$*UTF8*$!
{
	archiveVersion = 1;
	classes = {
	};
	objectVersion = 46;
	objects = {

/* Begin PBXBuildFile section */
		4D8549A71C06D54700DECE50 /* Axiomatic.framework in Frameworks */ = {isa = PBXBuildFile; fileRef = 4D85499C1C06D54600DECE50 /* Axiomatic.framework */; };
		4D8549B71C06D55D00DECE50 /* Binding.swift in Sources */ = {isa = PBXBuildFile; fileRef = 4D8549B61C06D55D00DECE50 /* Binding.swift */; };
		4D8549B91C06D59400DECE50 /* Error.swift in Sources */ = {isa = PBXBuildFile; fileRef = 4D8549B81C06D59400DECE50 /* Error.swift */; };
		4D8549BB1C06D5D100DECE50 /* Unifiable.swift in Sources */ = {isa = PBXBuildFile; fileRef = 4D8549BA1C06D5D100DECE50 /* Unifiable.swift */; };
		4D8549BD1C06D95400DECE50 /* Predicate.swift in Sources */ = {isa = PBXBuildFile; fileRef = 4D8549BC1C06D95400DECE50 /* Predicate.swift */; };
		4D8549C11C06E16600DECE50 /* Clause.swift in Sources */ = {isa = PBXBuildFile; fileRef = 4D8549C01C06E16600DECE50 /* Clause.swift */; };
		4D8549C31C06F47400DECE50 /* NestedUnificationTests.swift in Sources */ = {isa = PBXBuildFile; fileRef = 4D8549C21C06F47400DECE50 /* NestedUnificationTests.swift */; };
		4D8549C51C07E2FE00DECE50 /* System.swift in Sources */ = {isa = PBXBuildFile; fileRef = 4D8549C41C07E2FE00DECE50 /* System.swift */; };
		4D89D63F1C07E57A00EFF6D5 /* SimpleUnificationTests.swift in Sources */ = {isa = PBXBuildFile; fileRef = 4D8549AB1C06D54700DECE50 /* SimpleUnificationTests.swift */; };
		4D89D6411C0807A900EFF6D5 /* Value.swift in Sources */ = {isa = PBXBuildFile; fileRef = 4D89D6401C0807A900EFF6D5 /* Value.swift */; };
		4D89D6431C0811E700EFF6D5 /* LogicSystemTests.swift in Sources */ = {isa = PBXBuildFile; fileRef = 4D89D6421C0811E700EFF6D5 /* LogicSystemTests.swift */; };
/* End PBXBuildFile section */

/* Begin PBXContainerItemProxy section */
		4D8549A81C06D54700DECE50 /* PBXContainerItemProxy */ = {
			isa = PBXContainerItemProxy;
			containerPortal = 4D8549931C06D54600DECE50 /* Project object */;
			proxyType = 1;
			remoteGlobalIDString = 4D85499B1C06D54600DECE50;
			remoteInfo = Unity;
		};
/* End PBXContainerItemProxy section */

/* Begin PBXFileReference section */
		4D85499C1C06D54600DECE50 /* Axiomatic.framework */ = {isa = PBXFileReference; explicitFileType = wrapper.framework; includeInIndex = 0; path = Axiomatic.framework; sourceTree = BUILT_PRODUCTS_DIR; };
		4D8549A11C06D54600DECE50 /* Info.plist */ = {isa = PBXFileReference; lastKnownFileType = text.plist.xml; path = Info.plist; sourceTree = "<group>"; };
		4D8549A61C06D54700DECE50 /* AxiomaticTests.xctest */ = {isa = PBXFileReference; explicitFileType = wrapper.cfbundle; includeInIndex = 0; path = AxiomaticTests.xctest; sourceTree = BUILT_PRODUCTS_DIR; };
		4D8549AB1C06D54700DECE50 /* SimpleUnificationTests.swift */ = {isa = PBXFileReference; lastKnownFileType = sourcecode.swift; path = SimpleUnificationTests.swift; sourceTree = "<group>"; };
		4D8549AD1C06D54700DECE50 /* Info.plist */ = {isa = PBXFileReference; lastKnownFileType = text.plist.xml; path = Info.plist; sourceTree = "<group>"; };
		4D8549B61C06D55D00DECE50 /* Binding.swift */ = {isa = PBXFileReference; fileEncoding = 4; lastKnownFileType = sourcecode.swift; name = Binding.swift; path = ../Binding.swift; sourceTree = "<group>"; };
		4D8549B81C06D59400DECE50 /* Error.swift */ = {isa = PBXFileReference; fileEncoding = 4; lastKnownFileType = sourcecode.swift; name = Error.swift; path = ../Error.swift; sourceTree = "<group>"; };
		4D8549BA1C06D5D100DECE50 /* Unifiable.swift */ = {isa = PBXFileReference; fileEncoding = 4; lastKnownFileType = sourcecode.swift; path = Unifiable.swift; sourceTree = "<group>"; };
		4D8549BC1C06D95400DECE50 /* Predicate.swift */ = {isa = PBXFileReference; fileEncoding = 4; lastKnownFileType = sourcecode.swift; path = Predicate.swift; sourceTree = "<group>"; };
		4D8549C01C06E16600DECE50 /* Clause.swift */ = {isa = PBXFileReference; fileEncoding = 4; lastKnownFileType = sourcecode.swift; path = Clause.swift; sourceTree = "<group>"; };
		4D8549C21C06F47400DECE50 /* NestedUnificationTests.swift */ = {isa = PBXFileReference; fileEncoding = 4; lastKnownFileType = sourcecode.swift; path = NestedUnificationTests.swift; sourceTree = "<group>"; };
		4D8549C41C07E2FE00DECE50 /* System.swift */ = {isa = PBXFileReference; fileEncoding = 4; lastKnownFileType = sourcecode.swift; path = System.swift; sourceTree = "<group>"; };
		4D89D6401C0807A900EFF6D5 /* Value.swift */ = {isa = PBXFileReference; fileEncoding = 4; lastKnownFileType = sourcecode.swift; path = Value.swift; sourceTree = "<group>"; };
		4D89D6421C0811E700EFF6D5 /* LogicSystemTests.swift */ = {isa = PBXFileReference; fileEncoding = 4; lastKnownFileType = sourcecode.swift; path = LogicSystemTests.swift; sourceTree = "<group>"; };
/* End PBXFileReference section */

/* Begin PBXFrameworksBuildPhase section */
		4D8549981C06D54600DECE50 /* Frameworks */ = {
			isa = PBXFrameworksBuildPhase;
			buildActionMask = 2147483647;
			files = (
			);
			runOnlyForDeploymentPostprocessing = 0;
		};
		4D8549A31C06D54700DECE50 /* Frameworks */ = {
			isa = PBXFrameworksBuildPhase;
			buildActionMask = 2147483647;
			files = (
				4D8549A71C06D54700DECE50 /* Axiomatic.framework in Frameworks */,
			);
			runOnlyForDeploymentPostprocessing = 0;
		};
/* End PBXFrameworksBuildPhase section */

/* Begin PBXGroup section */
		4D8549921C06D54600DECE50 = {
			isa = PBXGroup;
			children = (
				4D85499E1C06D54600DECE50 /* Axiomatic */,
				4D8549AA1C06D54700DECE50 /* AxiomaticTests */,
				4D85499D1C06D54600DECE50 /* Products */,
			);
			sourceTree = "<group>";
		};
		4D85499D1C06D54600DECE50 /* Products */ = {
			isa = PBXGroup;
			children = (
				4D85499C1C06D54600DECE50 /* Axiomatic.framework */,
				4D8549A61C06D54700DECE50 /* AxiomaticTests.xctest */,
			);
			name = Products;
			sourceTree = "<group>";
		};
		4D85499E1C06D54600DECE50 /* Axiomatic */ = {
			isa = PBXGroup;
			children = (
				4D8549A11C06D54600DECE50 /* Info.plist */,
				4D8549B81C06D59400DECE50 /* Error.swift */,
				4D8549B61C06D55D00DECE50 /* Binding.swift */,
				4D8549BA1C06D5D100DECE50 /* Unifiable.swift */,
				4D8549BC1C06D95400DECE50 /* Predicate.swift */,
				4D89D6401C0807A900EFF6D5 /* Value.swift */,
				4D8549C01C06E16600DECE50 /* Clause.swift */,
				4D8549C41C07E2FE00DECE50 /* System.swift */,
			);
			name = Axiomatic;
			path = Unity;
			sourceTree = "<group>";
		};
		4D8549AA1C06D54700DECE50 /* AxiomaticTests */ = {
			isa = PBXGroup;
			children = (
				4D8549AB1C06D54700DECE50 /* SimpleUnificationTests.swift */,
				4D8549C21C06F47400DECE50 /* NestedUnificationTests.swift */,
				4D89D6421C0811E700EFF6D5 /* LogicSystemTests.swift */,
				4D8549AD1C06D54700DECE50 /* Info.plist */,
			);
			name = AxiomaticTests;
			path = UnityTests;
			sourceTree = "<group>";
		};
/* End PBXGroup section */

/* Begin PBXHeadersBuildPhase section */
		4D8549991C06D54600DECE50 /* Headers */ = {
			isa = PBXHeadersBuildPhase;
			buildActionMask = 2147483647;
			files = (
			);
			runOnlyForDeploymentPostprocessing = 0;
		};
/* End PBXHeadersBuildPhase section */

/* Begin PBXNativeTarget section */
		4D85499B1C06D54600DECE50 /* Axiomatic */ = {
			isa = PBXNativeTarget;
			buildConfigurationList = 4D8549B01C06D54700DECE50 /* Build configuration list for PBXNativeTarget "Axiomatic" */;
			buildPhases = (
				4D8549971C06D54600DECE50 /* Sources */,
				4D8549981C06D54600DECE50 /* Frameworks */,
				4D8549991C06D54600DECE50 /* Headers */,
				4D85499A1C06D54600DECE50 /* Resources */,
			);
			buildRules = (
			);
			dependencies = (
			);
			name = Axiomatic;
			productName = Unity;
			productReference = 4D85499C1C06D54600DECE50 /* Axiomatic.framework */;
			productType = "com.apple.product-type.framework";
		};
		4D8549A51C06D54700DECE50 /* AxiomaticTests */ = {
			isa = PBXNativeTarget;
			buildConfigurationList = 4D8549B31C06D54700DECE50 /* Build configuration list for PBXNativeTarget "AxiomaticTests" */;
			buildPhases = (
				4D8549A21C06D54700DECE50 /* Sources */,
				4D8549A31C06D54700DECE50 /* Frameworks */,
				4D8549A41C06D54700DECE50 /* Resources */,
			);
			buildRules = (
			);
			dependencies = (
				4D8549A91C06D54700DECE50 /* PBXTargetDependency */,
			);
			name = AxiomaticTests;
			productName = UnityTests;
			productReference = 4D8549A61C06D54700DECE50 /* AxiomaticTests.xctest */;
			productType = "com.apple.product-type.bundle.unit-test";
		};
/* End PBXNativeTarget section */

/* Begin PBXProject section */
		4D8549931C06D54600DECE50 /* Project object */ = {
			isa = PBXProject;
			attributes = {
				LastSwiftUpdateCheck = 0710;
				LastUpgradeCheck = 0710;
				ORGANIZATIONNAME = "Jaden Geller";
				TargetAttributes = {
					4D85499B1C06D54600DECE50 = {
						CreatedOnToolsVersion = 7.1.1;
					};
					4D8549A51C06D54700DECE50 = {
						CreatedOnToolsVersion = 7.1.1;
					};
				};
			};
			buildConfigurationList = 4D8549961C06D54600DECE50 /* Build configuration list for PBXProject "Axiomatic" */;
			compatibilityVersion = "Xcode 3.2";
			developmentRegion = English;
			hasScannedForEncodings = 0;
			knownRegions = (
				en,
			);
			mainGroup = 4D8549921C06D54600DECE50;
			productRefGroup = 4D85499D1C06D54600DECE50 /* Products */;
			projectDirPath = "";
			projectRoot = "";
			targets = (
				4D85499B1C06D54600DECE50 /* Axiomatic */,
				4D8549A51C06D54700DECE50 /* AxiomaticTests */,
			);
		};
/* End PBXProject section */

/* Begin PBXResourcesBuildPhase section */
		4D85499A1C06D54600DECE50 /* Resources */ = {
			isa = PBXResourcesBuildPhase;
			buildActionMask = 2147483647;
			files = (
			);
			runOnlyForDeploymentPostprocessing = 0;
		};
		4D8549A41C06D54700DECE50 /* Resources */ = {
			isa = PBXResourcesBuildPhase;
			buildActionMask = 2147483647;
			files = (
			);
			runOnlyForDeploymentPostprocessing = 0;
		};
/* End PBXResourcesBuildPhase section */

/* Begin PBXSourcesBuildPhase section */
		4D8549971C06D54600DECE50 /* Sources */ = {
			isa = PBXSourcesBuildPhase;
			buildActionMask = 2147483647;
			files = (
				4D8549C51C07E2FE00DECE50 /* System.swift in Sources */,
				4D8549B91C06D59400DECE50 /* Error.swift in Sources */,
				4D89D6411C0807A900EFF6D5 /* Value.swift in Sources */,
				4D8549BD1C06D95400DECE50 /* Predicate.swift in Sources */,
				4D8549BB1C06D5D100DECE50 /* Unifiable.swift in Sources */,
				4D8549C11C06E16600DECE50 /* Clause.swift in Sources */,
				4D8549B71C06D55D00DECE50 /* Binding.swift in Sources */,
			);
			runOnlyForDeploymentPostprocessing = 0;
		};
		4D8549A21C06D54700DECE50 /* Sources */ = {
			isa = PBXSourcesBuildPhase;
			buildActionMask = 2147483647;
			files = (
				4D8549C31C06F47400DECE50 /* NestedUnificationTests.swift in Sources */,
				4D89D63F1C07E57A00EFF6D5 /* SimpleUnificationTests.swift in Sources */,
				4D89D6431C0811E700EFF6D5 /* LogicSystemTests.swift in Sources */,
			);
			runOnlyForDeploymentPostprocessing = 0;
		};
/* End PBXSourcesBuildPhase section */

/* Begin PBXTargetDependency section */
		4D8549A91C06D54700DECE50 /* PBXTargetDependency */ = {
			isa = PBXTargetDependency;
			target = 4D85499B1C06D54600DECE50 /* Axiomatic */;
			targetProxy = 4D8549A81C06D54700DECE50 /* PBXContainerItemProxy */;
		};
/* End PBXTargetDependency section */

/* Begin XCBuildConfiguration section */
		4D8549AE1C06D54700DECE50 /* Debug */ = {
			isa = XCBuildConfiguration;
			buildSettings = {
				ALWAYS_SEARCH_USER_PATHS = NO;
				CLANG_CXX_LANGUAGE_STANDARD = "gnu++0x";
				CLANG_CXX_LIBRARY = "libc++";
				CLANG_ENABLE_MODULES = YES;
				CLANG_ENABLE_OBJC_ARC = YES;
				CLANG_WARN_BOOL_CONVERSION = YES;
				CLANG_WARN_CONSTANT_CONVERSION = YES;
				CLANG_WARN_DIRECT_OBJC_ISA_USAGE = YES_ERROR;
				CLANG_WARN_EMPTY_BODY = YES;
				CLANG_WARN_ENUM_CONVERSION = YES;
				CLANG_WARN_INT_CONVERSION = YES;
				CLANG_WARN_OBJC_ROOT_CLASS = YES_ERROR;
				CLANG_WARN_UNREACHABLE_CODE = YES;
				CLANG_WARN__DUPLICATE_METHOD_MATCH = YES;
				CODE_SIGN_IDENTITY = "-";
				COPY_PHASE_STRIP = NO;
				CURRENT_PROJECT_VERSION = 1;
				DEBUG_INFORMATION_FORMAT = dwarf;
				ENABLE_STRICT_OBJC_MSGSEND = YES;
				ENABLE_TESTABILITY = YES;
				GCC_C_LANGUAGE_STANDARD = gnu99;
				GCC_DYNAMIC_NO_PIC = NO;
				GCC_NO_COMMON_BLOCKS = YES;
				GCC_OPTIMIZATION_LEVEL = 0;
				GCC_PREPROCESSOR_DEFINITIONS = (
					"DEBUG=1",
					"$(inherited)",
				);
				GCC_WARN_64_TO_32_BIT_CONVERSION = YES;
				GCC_WARN_ABOUT_RETURN_TYPE = YES_ERROR;
				GCC_WARN_UNDECLARED_SELECTOR = YES;
				GCC_WARN_UNINITIALIZED_AUTOS = YES_AGGRESSIVE;
				GCC_WARN_UNUSED_FUNCTION = YES;
				GCC_WARN_UNUSED_VARIABLE = YES;
				MACOSX_DEPLOYMENT_TARGET = 10.11;
				MTL_ENABLE_DEBUG_INFO = YES;
				ONLY_ACTIVE_ARCH = YES;
				SDKROOT = macosx;
				SWIFT_OPTIMIZATION_LEVEL = "-Onone";
				VERSIONING_SYSTEM = "apple-generic";
				VERSION_INFO_PREFIX = "";
			};
			name = Debug;
		};
		4D8549AF1C06D54700DECE50 /* Release */ = {
			isa = XCBuildConfiguration;
			buildSettings = {
				ALWAYS_SEARCH_USER_PATHS = NO;
				CLANG_CXX_LANGUAGE_STANDARD = "gnu++0x";
				CLANG_CXX_LIBRARY = "libc++";
				CLANG_ENABLE_MODULES = YES;
				CLANG_ENABLE_OBJC_ARC = YES;
				CLANG_WARN_BOOL_CONVERSION = YES;
				CLANG_WARN_CONSTANT_CONVERSION = YES;
				CLANG_WARN_DIRECT_OBJC_ISA_USAGE = YES_ERROR;
				CLANG_WARN_EMPTY_BODY = YES;
				CLANG_WARN_ENUM_CONVERSION = YES;
				CLANG_WARN_INT_CONVERSION = YES;
				CLANG_WARN_OBJC_ROOT_CLASS = YES_ERROR;
				CLANG_WARN_UNREACHABLE_CODE = YES;
				CLANG_WARN__DUPLICATE_METHOD_MATCH = YES;
				CODE_SIGN_IDENTITY = "-";
				COPY_PHASE_STRIP = NO;
				CURRENT_PROJECT_VERSION = 1;
				DEBUG_INFORMATION_FORMAT = "dwarf-with-dsym";
				ENABLE_NS_ASSERTIONS = NO;
				ENABLE_STRICT_OBJC_MSGSEND = YES;
				GCC_C_LANGUAGE_STANDARD = gnu99;
				GCC_NO_COMMON_BLOCKS = YES;
				GCC_WARN_64_TO_32_BIT_CONVERSION = YES;
				GCC_WARN_ABOUT_RETURN_TYPE = YES_ERROR;
				GCC_WARN_UNDECLARED_SELECTOR = YES;
				GCC_WARN_UNINITIALIZED_AUTOS = YES_AGGRESSIVE;
				GCC_WARN_UNUSED_FUNCTION = YES;
				GCC_WARN_UNUSED_VARIABLE = YES;
				MACOSX_DEPLOYMENT_TARGET = 10.11;
				MTL_ENABLE_DEBUG_INFO = NO;
				SDKROOT = macosx;
				VERSIONING_SYSTEM = "apple-generic";
				VERSION_INFO_PREFIX = "";
			};
			name = Release;
		};
		4D8549B11C06D54700DECE50 /* Debug */ = {
			isa = XCBuildConfiguration;
			buildSettings = {
				CLANG_ENABLE_MODULES = YES;
				COMBINE_HIDPI_IMAGES = YES;
				DEFINES_MODULE = YES;
				DYLIB_COMPATIBILITY_VERSION = 1;
				DYLIB_CURRENT_VERSION = 1;
				DYLIB_INSTALL_NAME_BASE = "@rpath";
				FRAMEWORK_VERSION = A;
				INFOPLIST_FILE = Unity/Info.plist;
				INSTALL_PATH = "$(LOCAL_LIBRARY_DIR)/Frameworks";
				LD_RUNPATH_SEARCH_PATHS = "$(inherited) @executable_path/../Frameworks @loader_path/Frameworks";
				PRODUCT_BUNDLE_IDENTIFIER = com.JadenGeller.Axiomatic;
				PRODUCT_NAME = Axiomatic;
				SKIP_INSTALL = YES;
				SWIFT_OPTIMIZATION_LEVEL = "-Onone";
			};
			name = Debug;
		};
		4D8549B21C06D54700DECE50 /* Release */ = {
			isa = XCBuildConfiguration;
			buildSettings = {
				CLANG_ENABLE_MODULES = YES;
				COMBINE_HIDPI_IMAGES = YES;
				DEFINES_MODULE = YES;
				DYLIB_COMPATIBILITY_VERSION = 1;
				DYLIB_CURRENT_VERSION = 1;
				DYLIB_INSTALL_NAME_BASE = "@rpath";
				FRAMEWORK_VERSION = A;
				INFOPLIST_FILE = Unity/Info.plist;
				INSTALL_PATH = "$(LOCAL_LIBRARY_DIR)/Frameworks";
				LD_RUNPATH_SEARCH_PATHS = "$(inherited) @executable_path/../Frameworks @loader_path/Frameworks";
				PRODUCT_BUNDLE_IDENTIFIER = com.JadenGeller.Axiomatic;
				PRODUCT_NAME = Axiomatic;
				SKIP_INSTALL = YES;
			};
			name = Release;
		};
		4D8549B41C06D54700DECE50 /* Debug */ = {
			isa = XCBuildConfiguration;
			buildSettings = {
				COMBINE_HIDPI_IMAGES = YES;
				INFOPLIST_FILE = UnityTests/Info.plist;
				LD_RUNPATH_SEARCH_PATHS = "$(inherited) @executable_path/../Frameworks @loader_path/../Frameworks";
				PRODUCT_BUNDLE_IDENTIFIER = com.JadenGeller.UnityTests;
				PRODUCT_NAME = AxiomaticTests;
			};
			name = Debug;
		};
		4D8549B51C06D54700DECE50 /* Release */ = {
			isa = XCBuildConfiguration;
			buildSettings = {
				COMBINE_HIDPI_IMAGES = YES;
				INFOPLIST_FILE = UnityTests/Info.plist;
				LD_RUNPATH_SEARCH_PATHS = "$(inherited) @executable_path/../Frameworks @loader_path/../Frameworks";
				PRODUCT_BUNDLE_IDENTIFIER = com.JadenGeller.UnityTests;
				PRODUCT_NAME = AxiomaticTests;
			};
			name = Release;
		};
/* End XCBuildConfiguration section */

/* Begin XCConfigurationList section */
		4D8549961C06D54600DECE50 /* Build configuration list for PBXProject "Axiomatic" */ = {
			isa = XCConfigurationList;
			buildConfigurations = (
				4D8549AE1C06D54700DECE50 /* Debug */,
				4D8549AF1C06D54700DECE50 /* Release */,
			);
			defaultConfigurationIsVisible = 0;
			defaultConfigurationName = Release;
		};
		4D8549B01C06D54700DECE50 /* Build configuration list for PBXNativeTarget "Axiomatic" */ = {
			isa = XCConfigurationList;
			buildConfigurations = (
				4D8549B11C06D54700DECE50 /* Debug */,
				4D8549B21C06D54700DECE50 /* Release */,
			);
			defaultConfigurationIsVisible = 0;
			defaultConfigurationName = Release;
		};
		4D8549B31C06D54700DECE50 /* Build configuration list for PBXNativeTarget "AxiomaticTests" */ = {
			isa = XCConfigurationList;
			buildConfigurations = (
				4D8549B41C06D54700DECE50 /* Debug */,
				4D8549B51C06D54700DECE50 /* Release */,
			);
			defaultConfigurationIsVisible = 0;
			defaultConfigurationName = Release;
		};
/* End XCConfigurationList section */
	};
	rootObject = 4D8549931C06D54600DECE50 /* Project object */;
}
